
Microsoft Visual Studio Solution File, Format Version 12.00
# Visual Studio Version 16
VisualStudioVersion = 16.0.31205.134
MinimumVisualStudioVersion = 10.0.40219.1
Project("{2150E333-8FDC-42A3-9474-1A3956D46DE8}") = ".nuget", ".nuget", "{1BCFFFB5-B236-44DB-8208-4058CF67A653}"
	ProjectSection(SolutionItems) = preProject
		.nuget\NuGet.Config = .nuget\NuGet.Config
		.nuget\NuGet.exe = .nuget\NuGet.exe
		.nuget\NuGet.targets = .nuget\NuGet.targets
	EndProjectSection
EndProject
Project("{FAE04EC0-301F-11D3-BF4B-00C04F79EFBC}") = "MyERP.Web", "MyERP.Web\MyERP.Web.csproj", "{AB9E4713-11C7-4903-9D30-D7F5C4FCC1DF}"
EndProject
Project("{FAE04EC0-301F-11D3-BF4B-00C04F79EFBC}") = "MyERP.DataAccess", "MyERP.DataAccess\MyERP.DataAccess.csproj", "{9529EAEC-44B4-4E50-8EBB-5EAC00B0912B}"
EndProject
Project("{2150E333-8FDC-42A3-9474-1A3956D46DE8}") = "SharedCode", "SharedCode", "{81BE53CB-3357-4C2F-9EEB-1A139F412240}"
	ProjectSection(SolutionItems) = preProject
		SharedCode\Cryptography.cs = SharedCode\Cryptography.cs
		SharedCode\Define.cs = SharedCode\Define.cs
		SharedCode\Extensions.cs = SharedCode\Extensions.cs
	EndProjectSection
EndProject
Project("{FAE04EC0-301F-11D3-BF4B-00C04F79EFBC}") = "MyERP.DataAccess.Client", "MyERP.DataAccess.Client\MyERP.DataAccess.Client.csproj", "{06D4183D-79F5-4156-8F81-FE69CF095132}"
EndProject
Project("{2150E333-8FDC-42A3-9474-1A3956D46DE8}") = "Next", "Next", "{DD34D97F-184F-43DD-A8A3-F5C430A31C23}"
EndProject
Project("{FAE04EC0-301F-11D3-BF4B-00C04F79EFBC}") = "MyERP.CommonUI", "Next\MyERP.CommonUI\MyERP.CommonUI.csproj", "{3224B5BE-C28B-46C0-958D-2AC400BE71FB}"
EndProject
Project("{FAE04EC0-301F-11D3-BF4B-00C04F79EFBC}") = "MyERP.Web", "Next\MyERP.Web\MyERP.Web.csproj", "{253C36FD-3870-4C68-A9C9-E12FAFAD7E86}"
EndProject
Global
	GlobalSection(SolutionConfigurationPlatforms) = preSolution
		Debug|Any CPU = Debug|Any CPU
		Debug|Mixed Platforms = Debug|Mixed Platforms
		Debug|x86 = Debug|x86
		Release|Any CPU = Release|Any CPU
		Release|Mixed Platforms = Release|Mixed Platforms
		Release|x86 = Release|x86
	EndGlobalSection
	GlobalSection(ProjectConfigurationPlatforms) = postSolution
		{AB9E4713-11C7-4903-9D30-D7F5C4FCC1DF}.Debug|Any CPU.ActiveCfg = Debug|Any CPU
		{AB9E4713-11C7-4903-9D30-D7F5C4FCC1DF}.Debug|Any CPU.Build.0 = Debug|Any CPU
		{AB9E4713-11C7-4903-9D30-D7F5C4FCC1DF}.Debug|Mixed Platforms.ActiveCfg = Debug|Any CPU
		{AB9E4713-11C7-4903-9D30-D7F5C4FCC1DF}.Debug|Mixed Platforms.Build.0 = Debug|Any CPU
		{AB9E4713-11C7-4903-9D30-D7F5C4FCC1DF}.Debug|x86.ActiveCfg = Debug|Any CPU
		{AB9E4713-11C7-4903-9D30-D7F5C4FCC1DF}.Release|Any CPU.ActiveCfg = Release|Any CPU
		{AB9E4713-11C7-4903-9D30-D7F5C4FCC1DF}.Release|Any CPU.Build.0 = Release|Any CPU
		{AB9E4713-11C7-4903-9D30-D7F5C4FCC1DF}.Release|Mixed Platforms.ActiveCfg = Release|Any CPU
		{AB9E4713-11C7-4903-9D30-D7F5C4FCC1DF}.Release|Mixed Platforms.Build.0 = Release|Any CPU
		{AB9E4713-11C7-4903-9D30-D7F5C4FCC1DF}.Release|x86.ActiveCfg = Release|Any CPU
		{9529EAEC-44B4-4E50-8EBB-5EAC00B0912B}.Debug|Any CPU.ActiveCfg = Debug|Any CPU
		{9529EAEC-44B4-4E50-8EBB-5EAC00B0912B}.Debug|Any CPU.Build.0 = Debug|Any CPU
		{9529EAEC-44B4-4E50-8EBB-5EAC00B0912B}.Debug|Mixed Platforms.ActiveCfg = Debug|Any CPU
		{9529EAEC-44B4-4E50-8EBB-5EAC00B0912B}.Debug|Mixed Platforms.Build.0 = Debug|Any CPU
		{9529EAEC-44B4-4E50-8EBB-5EAC00B0912B}.Debug|x86.ActiveCfg = Debug|Any CPU
		{9529EAEC-44B4-4E50-8EBB-5EAC00B0912B}.Release|Any CPU.ActiveCfg = Release|Any CPU
		{9529EAEC-44B4-4E50-8EBB-5EAC00B0912B}.Release|Any CPU.Build.0 = Release|Any CPU
		{9529EAEC-44B4-4E50-8EBB-5EAC00B0912B}.Release|Mixed Platforms.ActiveCfg = Release|Any CPU
		{9529EAEC-44B4-4E50-8EBB-5EAC00B0912B}.Release|Mixed Platforms.Build.0 = Release|Any CPU
		{9529EAEC-44B4-4E50-8EBB-5EAC00B0912B}.Release|x86.ActiveCfg = Release|Any CPU
		{06D4183D-79F5-4156-8F81-FE69CF095132}.Debug|Any CPU.ActiveCfg = Debug|Any CPU
		{06D4183D-79F5-4156-8F81-FE69CF095132}.Debug|Any CPU.Build.0 = Debug|Any CPU
		{06D4183D-79F5-4156-8F81-FE69CF095132}.Debug|Mixed Platforms.ActiveCfg = Debug|Any CPU
		{06D4183D-79F5-4156-8F81-FE69CF095132}.Debug|Mixed Platforms.Build.0 = Debug|Any CPU
		{06D4183D-79F5-4156-8F81-FE69CF095132}.Debug|x86.ActiveCfg = Debug|Any CPU
		{06D4183D-79F5-4156-8F81-FE69CF095132}.Debug|x86.Build.0 = Debug|Any CPU
		{06D4183D-79F5-4156-8F81-FE69CF095132}.Release|Any CPU.ActiveCfg = Release|Any CPU
		{06D4183D-79F5-4156-8F81-FE69CF095132}.Release|Any CPU.Build.0 = Release|Any CPU
		{06D4183D-79F5-4156-8F81-FE69CF095132}.Release|Mixed Platforms.ActiveCfg = Release|Any CPU
		{06D4183D-79F5-4156-8F81-FE69CF095132}.Release|Mixed Platforms.Build.0 = Release|Any CPU
		{06D4183D-79F5-4156-8F81-FE69CF095132}.Release|x86.ActiveCfg = Release|Any CPU
		{06D4183D-79F5-4156-8F81-FE69CF095132}.Release|x86.Build.0 = Release|Any CPU
		{3224B5BE-C28B-46C0-958D-2AC400BE71FB}.Debug|Any CPU.ActiveCfg = Debug|Any CPU
		{3224B5BE-C28B-46C0-958D-2AC400BE71FB}.Debug|Any CPU.Build.0 = Debug|Any CPU
		{3224B5BE-C28B-46C0-958D-2AC400BE71FB}.Debug|Mixed Platforms.ActiveCfg = Debug|Any CPU
		{3224B5BE-C28B-46C0-958D-2AC400BE71FB}.Debug|Mixed Platforms.Build.0 = Debug|Any CPU
		{3224B5BE-C28B-46C0-958D-2AC400BE71FB}.Debug|x86.ActiveCfg = Debug|Any CPU
		{3224B5BE-C28B-46C0-958D-2AC400BE71FB}.Debug|x86.Build.0 = Debug|Any CPU
		{3224B5BE-C28B-46C0-958D-2AC400BE71FB}.Release|Any CPU.ActiveCfg = Release|Any CPU
		{3224B5BE-C28B-46C0-958D-2AC400BE71FB}.Release|Any CPU.Build.0 = Release|Any CPU
		{3224B5BE-C28B-46C0-958D-2AC400BE71FB}.Release|Mixed Platforms.ActiveCfg = Release|Any CPU
		{3224B5BE-C28B-46C0-958D-2AC400BE71FB}.Release|Mixed Platforms.Build.0 = Release|Any CPU
		{3224B5BE-C28B-46C0-958D-2AC400BE71FB}.Release|x86.ActiveCfg = Release|Any CPU
		{3224B5BE-C28B-46C0-958D-2AC400BE71FB}.Release|x86.Build.0 = Release|Any CPU
		{253C36FD-3870-4C68-A9C9-E12FAFAD7E86}.Debug|Any CPU.ActiveCfg = Debug|Any CPU
		{253C36FD-3870-4C68-A9C9-E12FAFAD7E86}.Debug|Any CPU.Build.0 = Debug|Any CPU
		{253C36FD-3870-4C68-A9C9-E12FAFAD7E86}.Debug|Mixed Platforms.ActiveCfg = Debug|Any CPU
		{253C36FD-3870-4C68-A9C9-E12FAFAD7E86}.Debug|Mixed Platforms.Build.0 = Debug|Any CPU
		{253C36FD-3870-4C68-A9C9-E12FAFAD7E86}.Debug|x86.ActiveCfg = Debug|Any CPU
		{253C36FD-3870-4C68-A9C9-E12FAFAD7E86}.Debug|x86.Build.0 = Debug|Any CPU
		{253C36FD-3870-4C68-A9C9-E12FAFAD7E86}.Release|Any CPU.ActiveCfg = Release|Any CPU
		{253C36FD-3870-4C68-A9C9-E12FAFAD7E86}.Release|Any CPU.Build.0 = Release|Any CPU
		{253C36FD-3870-4C68-A9C9-E12FAFAD7E86}.Release|Mixed Platforms.ActiveCfg = Release|Any CPU
		{253C36FD-3870-4C68-A9C9-E12FAFAD7E86}.Release|Mixed Platforms.Build.0 = Release|Any CPU
		{253C36FD-3870-4C68-A9C9-E12FAFAD7E86}.Release|x86.ActiveCfg = Release|Any CPU
		{253C36FD-3870-4C68-A9C9-E12FAFAD7E86}.Release|x86.Build.0 = Release|Any CPU
	EndGlobalSection
	GlobalSection(SolutionProperties) = preSolution
		HideSolutionNode = FALSE
	EndGlobalSection
	GlobalSection(NestedProjects) = preSolution
		{3224B5BE-C28B-46C0-958D-2AC400BE71FB} = {DD34D97F-184F-43DD-A8A3-F5C430A31C23}
		{253C36FD-3870-4C68-A9C9-E12FAFAD7E86} = {DD34D97F-184F-43DD-A8A3-F5C430A31C23}
	EndGlobalSection
	GlobalSection(ExtensibilityGlobals) = postSolution
		SolutionGuid = {96EC2254-12B9-441E-B1AD-2826A735F8DA}
		VersionFieldUsingAttrib = True
		FetchGroupUsingAttrib = True
		IndexUsingAttrib = False
		ShowOldMenu = False
	EndGlobalSection
EndGlobal
