
Microsoft Visual Studio Solution File, Format Version 12.00
# Visual Studio 14
VisualStudioVersion = 14.0.24720.0
MinimumVisualStudioVersion = 10.0.40219.1
Project("{2150E333-8FDC-42A3-9474-1A3956D46DE8}") = ".nuget", ".nuget", "{1BCFFFB5-B236-44DB-8208-4058CF67A653}"
	ProjectSection(SolutionItems) = preProject
		.nuget\NuGet.Config = .nuget\NuGet.Config
		.nuget\NuGet.exe = .nuget\NuGet.exe
		.nuget\NuGet.targets = .nuget\NuGet.targets
	EndProjectSection
EndProject
Project("{FAE04EC0-301F-11D3-BF4B-00C04F79EFBC}") = "MyERP.Web", "MyERP.Web\MyERP.Web.csproj", "{AB9E4713-11C7-4903-9D30-D7F5C4FCC1DF}"
EndProject
Project("{FAE04EC0-301F-11D3-BF4B-00C04F79EFBC}") = "MyERP.DataAccess", "MyERP.DataAccess\MyERP.DataAccess.csproj", "{9529EAEC-44B4-4E50-8EBB-5EAC00B0912B}"
EndProject
Project("{2150E333-8FDC-42A3-9474-1A3956D46DE8}") = "SharedCode", "SharedCode", "{81BE53CB-3357-4C2F-9EEB-1A139F412240}"
	ProjectSection(SolutionItems) = preProject
		SharedCode\Cryptography.cs = SharedCode\Cryptography.cs
		SharedCode\Define.cs = SharedCode\Define.cs
		SharedCode\EntityClickedEvents.cs = SharedCode\EntityClickedEvents.cs
		SharedCode\Extensions.cs = SharedCode\Extensions.cs
		SharedCode\RadWindowShowEvent.cs = SharedCode\RadWindowShowEvent.cs
	EndProjectSection
EndProject
Project("{FAE04EC0-301F-11D3-BF4B-00C04F79EFBC}") = "MyERP.Parse", "MyERP.Parse\MyERP.Parse.csproj", "{26792409-1862-49E5-BDDD-CD231B0EFFC6}"
EndProject
Project("{FAE04EC0-301F-11D3-BF4B-00C04F79EFBC}") = "MyERP.Search", "MyERP.Search\MyERP.Search.csproj", "{EDF52B9C-C9CB-42CB-98DA-3F8D93B2A8B0}"
EndProject
Project("{FAE04EC0-301F-11D3-BF4B-00C04F79EFBC}") = "MyERP.DataAccess.Client", "MyERP.DataAccess.Client\MyERP.DataAccess.Client.csproj", "{06D4183D-79F5-4156-8F81-FE69CF095132}"
EndProject
Global
	GlobalSection(SolutionConfigurationPlatforms) = preSolution
		Debug|Any CPU = Debug|Any CPU
		Debug|Mixed Platforms = Debug|Mixed Platforms
		Debug|x86 = Debug|x86
		Release|Any CPU = Release|Any CPU
		Release|Mixed Platforms = Release|Mixed Platforms
		Release|x86 = Release|x86
	EndGlobalSection
	GlobalSection(ProjectConfigurationPlatforms) = postSolution
		{AB9E4713-11C7-4903-9D30-D7F5C4FCC1DF}.Debug|Any CPU.ActiveCfg = Debug|Any CPU
		{AB9E4713-11C7-4903-9D30-D7F5C4FCC1DF}.Debug|Any CPU.Build.0 = Debug|Any CPU
		{AB9E4713-11C7-4903-9D30-D7F5C4FCC1DF}.Debug|Mixed Platforms.ActiveCfg = Debug|Any CPU
		{AB9E4713-11C7-4903-9D30-D7F5C4FCC1DF}.Debug|Mixed Platforms.Build.0 = Debug|Any CPU
		{AB9E4713-11C7-4903-9D30-D7F5C4FCC1DF}.Debug|x86.ActiveCfg = Debug|Any CPU
		{AB9E4713-11C7-4903-9D30-D7F5C4FCC1DF}.Release|Any CPU.ActiveCfg = Release|Any CPU
		{AB9E4713-11C7-4903-9D30-D7F5C4FCC1DF}.Release|Any CPU.Build.0 = Release|Any CPU
		{AB9E4713-11C7-4903-9D30-D7F5C4FCC1DF}.Release|Mixed Platforms.ActiveCfg = Release|Any CPU
		{AB9E4713-11C7-4903-9D30-D7F5C4FCC1DF}.Release|Mixed Platforms.Build.0 = Release|Any CPU
		{AB9E4713-11C7-4903-9D30-D7F5C4FCC1DF}.Release|x86.ActiveCfg = Release|Any CPU
		{9529EAEC-44B4-4E50-8EBB-5EAC00B0912B}.Debug|Any CPU.ActiveCfg = Debug|Any CPU
		{9529EAEC-44B4-4E50-8EBB-5EAC00B0912B}.Debug|Any CPU.Build.0 = Debug|Any CPU
		{9529EAEC-44B4-4E50-8EBB-5EAC00B0912B}.Debug|Mixed Platforms.ActiveCfg = Debug|Any CPU
		{9529EAEC-44B4-4E50-8EBB-5EAC00B0912B}.Debug|Mixed Platforms.Build.0 = Debug|Any CPU
		{9529EAEC-44B4-4E50-8EBB-5EAC00B0912B}.Debug|x86.ActiveCfg = Debug|Any CPU
		{9529EAEC-44B4-4E50-8EBB-5EAC00B0912B}.Release|Any CPU.ActiveCfg = Release|Any CPU
		{9529EAEC-44B4-4E50-8EBB-5EAC00B0912B}.Release|Any CPU.Build.0 = Release|Any CPU
		{9529EAEC-44B4-4E50-8EBB-5EAC00B0912B}.Release|Mixed Platforms.ActiveCfg = Release|Any CPU
		{9529EAEC-44B4-4E50-8EBB-5EAC00B0912B}.Release|Mixed Platforms.Build.0 = Release|Any CPU
		{9529EAEC-44B4-4E50-8EBB-5EAC00B0912B}.Release|x86.ActiveCfg = Release|Any CPU
		{26792409-1862-49E5-BDDD-CD231B0EFFC6}.Debug|Any CPU.ActiveCfg = Debug|Any CPU
		{26792409-1862-49E5-BDDD-CD231B0EFFC6}.Debug|Any CPU.Build.0 = Debug|Any CPU
		{26792409-1862-49E5-BDDD-CD231B0EFFC6}.Debug|Mixed Platforms.ActiveCfg = Debug|Any CPU
		{26792409-1862-49E5-BDDD-CD231B0EFFC6}.Debug|Mixed Platforms.Build.0 = Debug|Any CPU
		{26792409-1862-49E5-BDDD-CD231B0EFFC6}.Debug|x86.ActiveCfg = Debug|Any CPU
		{26792409-1862-49E5-BDDD-CD231B0EFFC6}.Release|Any CPU.ActiveCfg = Release|Any CPU
		{26792409-1862-49E5-BDDD-CD231B0EFFC6}.Release|Any CPU.Build.0 = Release|Any CPU
		{26792409-1862-49E5-BDDD-CD231B0EFFC6}.Release|Mixed Platforms.ActiveCfg = Release|Any CPU
		{26792409-1862-49E5-BDDD-CD231B0EFFC6}.Release|Mixed Platforms.Build.0 = Release|Any CPU
		{26792409-1862-49E5-BDDD-CD231B0EFFC6}.Release|x86.ActiveCfg = Release|Any CPU
		{EDF52B9C-C9CB-42CB-98DA-3F8D93B2A8B0}.Debug|Any CPU.ActiveCfg = Debug|Any CPU
		{EDF52B9C-C9CB-42CB-98DA-3F8D93B2A8B0}.Debug|Any CPU.Build.0 = Debug|Any CPU
		{EDF52B9C-C9CB-42CB-98DA-3F8D93B2A8B0}.Debug|Mixed Platforms.ActiveCfg = Debug|Any CPU
		{EDF52B9C-C9CB-42CB-98DA-3F8D93B2A8B0}.Debug|Mixed Platforms.Build.0 = Debug|Any CPU
		{EDF52B9C-C9CB-42CB-98DA-3F8D93B2A8B0}.Debug|x86.ActiveCfg = Debug|Any CPU
		{EDF52B9C-C9CB-42CB-98DA-3F8D93B2A8B0}.Release|Any CPU.ActiveCfg = Release|Any CPU
		{EDF52B9C-C9CB-42CB-98DA-3F8D93B2A8B0}.Release|Any CPU.Build.0 = Release|Any CPU
		{EDF52B9C-C9CB-42CB-98DA-3F8D93B2A8B0}.Release|Mixed Platforms.ActiveCfg = Release|Any CPU
		{EDF52B9C-C9CB-42CB-98DA-3F8D93B2A8B0}.Release|Mixed Platforms.Build.0 = Release|Any CPU
		{EDF52B9C-C9CB-42CB-98DA-3F8D93B2A8B0}.Release|x86.ActiveCfg = Release|Any CPU
		{06D4183D-79F5-4156-8F81-FE69CF095132}.Debug|Any CPU.ActiveCfg = Debug|Any CPU
		{06D4183D-79F5-4156-8F81-FE69CF095132}.Debug|Any CPU.Build.0 = Debug|Any CPU
		{06D4183D-79F5-4156-8F81-FE69CF095132}.Debug|Mixed Platforms.ActiveCfg = Debug|Any CPU
		{06D4183D-79F5-4156-8F81-FE69CF095132}.Debug|Mixed Platforms.Build.0 = Debug|Any CPU
		{06D4183D-79F5-4156-8F81-FE69CF095132}.Debug|x86.ActiveCfg = Debug|Any CPU
		{06D4183D-79F5-4156-8F81-FE69CF095132}.Debug|x86.Build.0 = Debug|Any CPU
		{06D4183D-79F5-4156-8F81-FE69CF095132}.Release|Any CPU.ActiveCfg = Release|Any CPU
		{06D4183D-79F5-4156-8F81-FE69CF095132}.Release|Any CPU.Build.0 = Release|Any CPU
		{06D4183D-79F5-4156-8F81-FE69CF095132}.Release|Mixed Platforms.ActiveCfg = Release|Any CPU
		{06D4183D-79F5-4156-8F81-FE69CF095132}.Release|Mixed Platforms.Build.0 = Release|Any CPU
		{06D4183D-79F5-4156-8F81-FE69CF095132}.Release|x86.ActiveCfg = Release|Any CPU
		{06D4183D-79F5-4156-8F81-FE69CF095132}.Release|x86.Build.0 = Release|Any CPU
	EndGlobalSection
	GlobalSection(SolutionProperties) = preSolution
		HideSolutionNode = FALSE
	EndGlobalSection
	GlobalSection(ExtensibilityGlobals) = postSolution
		VersionFieldUsingAttrib = True
		FetchGroupUsingAttrib = True
		IndexUsingAttrib = False
		ShowOldMenu = False
	EndGlobalSection
EndGlobal
